<?xml version="1.0" encoding="utf-8"?>
<Project ToolsVersion="4.0" xmlns="http://schemas.microsoft.com/developer/msbuild/2003">
  <ItemGroup>
    <Filter Include="Source Files">
      <UniqueIdentifier>{4FC737F1-C7A5-4376-A066-2A32D752A2FF}</UniqueIdentifier>
      <Extensions>cpp;c;cc;cxx;def;odl;idl;hpj;bat;asm;asmx</Extensions>
    </Filter>
    <Filter Include="Header Files">
      <UniqueIdentifier>{93995380-89BD-4b04-88EB-625FBE52EBFB}</UniqueIdentifier>
      <Extensions>h;hh;hpp;hxx;hm;inl;inc;xsd</Extensions>
    </Filter>
    <Filter Include="Resource Files">
      <UniqueIdentifier>{67DA6AB6-F800-4c08-8B7A-83BB121AAD01}</UniqueIdentifier>
      <Extensions>rc;ico;cur;bmp;dlg;rc2;rct;bin;rgs;gif;jpg;jpeg;jpe;resx;tiff;tif;png;wav</Extensions>
    </Filter>
  </ItemGroup>
  <ItemGroup>
    <ClCompile Include="..\src\lua_bus.c">
      <Filter>Source Files</Filter>
    </ClCompile>
    <ClCompile Include="..\src\lua_pin.c">
      <Filter>Source Files</Filter>
    </ClCompile>
    <ClCompile Include="..\src\lua_vsmobj.c">
      <Filter>Source Files</Filter>
    </ClCompile>
    <ClCompile Include="..\src\utils.c">
      <Filter>Source Files</Filter>
    </ClCompile>
    <ClCompile Include="..\src\vsmapi.c">
      <Filter>Source Files</Filter>
    </ClCompile>
    <ClCompile Include="..\src\wincompat.c">
      <Filter>Source Files</Filter>
    </ClCompile>
    <ClCompile Include="..\src\bindings\cbind.c">
      <Filter>Source Files</Filter>
    </ClCompile>
    <ClCompile Include="..\src\bindings\luabind.c">
      <Filter>Source Files</Filter>
    </ClCompile>
    <ClCompile Include="..\src\modules\module_bus.lua.mod.c">
      <Filter>Source Files</Filter>
    </ClCompile>
    <ClCompile Include="..\src\modules\module_custom.lua.mod.c">
      <Filter>Source Files</Filter>
    </ClCompile>
    <ClCompile Include="..\src\modules\module_events.lua.mod.c">
      <Filter>Source Files</Filter>
    </ClCompile>
    <ClCompile Include="..\src\modules\module_pin.lua.mod.c">
      <Filter>Source Files</Filter>
    </ClCompile>
    <ClCompile Include="..\src\device\device.lua.mod.c">
      <Filter>Source Files</Filter>
    </ClCompile>
  </ItemGroup>
  <ItemGroup>
    <ClInclude Include="..\include\_version.h">
      <Filter>Header Files</Filter>
    </ClInclude>
    <ClInclude Include="..\include\bus.h">
      <Filter>Header Files</Filter>
    </ClInclude>
    <ClInclude Include="..\include\cbind.h">
      <Filter>Header Files</Filter>
    </ClInclude>
    <ClInclude Include="..\include\defines.h">
      <Filter>Header Files</Filter>
    </ClInclude>
    <ClInclude Include="..\include\enums.h">
      <Filter>Header Files</Filter>
    </ClInclude>
    <ClInclude Include="..\include\luabind.h">
      <Filter>Header Files</Filter>
    </ClInclude>
    <ClInclude Include="..\include\pin.h">
      <Filter>Header Files</Filter>
    </ClInclude>
    <ClInclude Include="..\include\text.h">
      <Filter>Header Files</Filter>
    </ClInclude>
    <ClInclude Include="..\include\uthash.h">
      <Filter>Header Files</Filter>
    </ClInclude>
    <ClInclude Include="..\include\utils.h">
      <Filter>Header Files</Filter>
    </ClInclude>
    <ClInclude Include="..\include\vdm.h">
      <Filter>Header Files</Filter>
    </ClInclude>
    <ClInclude Include="..\include\vdmapi.h">
      <Filter>Header Files</Filter>
    </ClInclude>
    <ClInclude Include="..\include\version.h">
      <Filter>Header Files</Filter>
    </ClInclude>
    <ClInclude Include="..\include\vsm.h">
      <Filter>Header Files</Filter>
    </ClInclude>
    <ClInclude Include="..\include\vsmapi.h">
      <Filter>Header Files</Filter>
    </ClInclude>
    <ClInclude Include="..\include\vsmclasses.h">
      <Filter>Header Files</Filter>
    </ClInclude>
    <ClInclude Include="..\include\vsmobj.h">
      <Filter>Header Files</Filter>
    </ClInclude>
    <ClInclude Include="..\externals\lua53\include\lapi.h">
      <Filter>Header Files</Filter>
    </ClInclude>
    <ClInclude Include="..\externals\lua53\include\lauxlib.h">
      <Filter>Header Files</Filter>
    </ClInclude>
    <ClInclude Include="..\externals\lua53\include\lcode.h">
      <Filter>Header Files</Filter>
    </ClInclude>
    <ClInclude Include="..\externals\lua53\include\lctype.h">
      <Filter>Header Files</Filter>
    </ClInclude>
    <ClInclude Include="..\externals\lua53\include\ldebug.h">
      <Filter>Header Files</Filter>
    </ClInclude>
    <ClInclude Include="..\externals\lua53\include\ldo.h">
      <Filter>Header Files</Filter>
    </ClInclude>
    <ClInclude Include="..\externals\lua53\include\lfunc.h">
      <Filter>Header Files</Filter>
    </ClInclude>
    <ClInclude Include="..\externals\lua53\include\lgc.h">
      <Filter>Header Files</Filter>
    </ClInclude>
    <ClInclude Include="..\externals\lua53\include\llex.h">
      <Filter>Header Files</Filter>
    </ClInclude>
    <ClInclude Include="..\externals\lua53\include\llimits.h">
      <Filter>Header Files</Filter>
    </ClInclude>
    <ClInclude Include="..\externals\lua53\include\lmem.h">
      <Filter>Header Files</Filter>
    </ClInclude>
    <ClInclude Include="..\externals\lua53\include\lobject.h">
      <Filter>Header Files</Filter>
    </ClInclude>
    <ClInclude Include="..\externals\lua53\include\lopcodes.h">
      <Filter>Header Files</Filter>
    </ClInclude>
    <ClInclude Include="..\externals\lua53\include\lparser.h">
      <Filter>Header Files</Filter>
    </ClInclude>
    <ClInclude Include="..\externals\lua53\include\lprefix.h">
      <Filter>Header Files</Filter>
    </ClInclude>
    <ClInclude Include="..\externals\lua53\include\lstate.h">
      <Filter>Header Files</Filter>
    </ClInclude>
    <ClInclude Include="..\externals\lua53\include\lstring.h">
      <Filter>Header Files</Filter>
    </ClInclude>
    <ClInclude Include="..\externals\lua53\include\ltable.h">
      <Filter>Header Files</Filter>
    </ClInclude>
    <ClInclude Include="..\externals\lua53\include\ltm.h">
      <Filter>Header Files</Filter>
    </ClInclude>
    <ClInclude Include="..\externals\lua53\include\lua.h">
      <Filter>Header Files</Filter>
    </ClInclude>
    <ClInclude Include="..\externals\lua53\include\luaconf.h">
      <Filter>Header Files</Filter>
    </ClInclude>
    <ClInclude Include="..\externals\lua53\include\lualib.h">
      <Filter>Header Files</Filter>
    </ClInclude>
    <ClInclude Include="..\externals\lua53\include\lundump.h">
      <Filter>Header Files</Filter>
    </ClInclude>
    <ClInclude Include="..\externals\lua53\include\lvm.h">
      <Filter>Header Files</Filter>
    </ClInclude>
    <ClInclude Include="..\externals\lua53\include\lzio.h">
      <Filter>Header Files</Filter>
    </ClInclude>
  </ItemGroup>
  <ItemGroup>
    <ResourceCompile Include="..\src\openvsm.rc">
      <Filter>Resource Files</Filter>
    </ResourceCompile>
  </ItemGroup>
</Project>