
Microsoft Visual Studio Solution File, Format Version 12.00
# Visual Studio 14
VisualStudioVersion = 14.0.23107.0
MinimumVisualStudioVersion = 10.0.40219.1
Project("{8BC9CEB8-8B4A-11D0-8D11-00A0C91BC942}") = "OpenVSM", "OpenVSM.vcxproj", "{7B78D7D8-2CEC-47F7-9FD4-F5FE8C662573}"
	ProjectSection(ProjectDependencies) = postProject
		{7C739CC0-8DCB-484E-8461-7BEDD67070C6} = {7C739CC0-8DCB-484E-8461-7BEDD67070C6}
		{A8AA0ACD-E43D-4B00-9A99-3417DB54ACE4} = {A8AA0ACD-E43D-4B00-9A99-3417DB54ACE4}
		{18468AE6-2224-4D77-88BF-6AE2240B5C82} = {18468AE6-2224-4D77-88BF-6AE2240B5C82}
	EndProjectSection
EndProject
Project("{8BC9CEB8-8B4A-11D0-8D11-00A0C91BC942}") = "bin2source", "..\bin2source\bin2source.vcxproj", "{18468AE6-2224-4D77-88BF-6AE2240B5C82}"
	ProjectSection(ProjectDependencies) = postProject
		{7C739CC0-8DCB-484E-8461-7BEDD67070C6} = {7C739CC0-8DCB-484E-8461-7BEDD67070C6}
		{A8AA0ACD-E43D-4B00-9A99-3417DB54ACE4} = {A8AA0ACD-E43D-4B00-9A99-3417DB54ACE4}
	EndProjectSection
EndProject
Project("{8BC9CEB8-8B4A-11D0-8D11-00A0C91BC942}") = "Lua531", "Lua531\Lua531.vcxproj", "{A8AA0ACD-E43D-4B00-9A99-3417DB54ACE4}"
EndProject
Project("{8BC9CEB8-8B4A-11D0-8D11-00A0C91BC942}") = "Lua531Compiler", "Lua531Compiler\Lua531Compiler.vcxproj", "{7C739CC0-8DCB-484E-8461-7BEDD67070C6}"
	ProjectSection(ProjectDependencies) = postProject
		{A8AA0ACD-E43D-4B00-9A99-3417DB54ACE4} = {A8AA0ACD-E43D-4B00-9A99-3417DB54ACE4}
	EndProjectSection
EndProject
Project("{2150E333-8FDC-42A3-9474-1A3956D46DE8}") = "Solution Items", "Solution Items", "{A5771D7A-EDB5-4424-AB87-9F3B8799A565}"
	ProjectSection(SolutionItems) = preProject
		Performance1.psess = Performance1.psess
	EndProjectSection
EndProject
Global
	GlobalSection(SolutionConfigurationPlatforms) = preSolution
		Debug|Win32 = Debug|Win32
		Debug|x64 = Debug|x64
		Release|Win32 = Release|Win32
		Release|x64 = Release|x64
	EndGlobalSection
	GlobalSection(ProjectConfigurationPlatforms) = postSolution
		{7B78D7D8-2CEC-47F7-9FD4-F5FE8C662573}.Debug|Win32.ActiveCfg = Debug|Win32
		{7B78D7D8-2CEC-47F7-9FD4-F5FE8C662573}.Debug|Win32.Build.0 = Debug|Win32
		{7B78D7D8-2CEC-47F7-9FD4-F5FE8C662573}.Debug|x64.ActiveCfg = Debug|Win32
		{7B78D7D8-2CEC-47F7-9FD4-F5FE8C662573}.Release|Win32.ActiveCfg = Release|Win32
		{7B78D7D8-2CEC-47F7-9FD4-F5FE8C662573}.Release|Win32.Build.0 = Release|Win32
		{7B78D7D8-2CEC-47F7-9FD4-F5FE8C662573}.Release|x64.ActiveCfg = Release|Win32
		{18468AE6-2224-4D77-88BF-6AE2240B5C82}.Debug|Win32.ActiveCfg = Debug|Win32
		{18468AE6-2224-4D77-88BF-6AE2240B5C82}.Debug|Win32.Build.0 = Debug|Win32
		{18468AE6-2224-4D77-88BF-6AE2240B5C82}.Debug|x64.ActiveCfg = Debug|x64
		{18468AE6-2224-4D77-88BF-6AE2240B5C82}.Debug|x64.Build.0 = Debug|x64
		{18468AE6-2224-4D77-88BF-6AE2240B5C82}.Release|Win32.ActiveCfg = Release|Win32
		{18468AE6-2224-4D77-88BF-6AE2240B5C82}.Release|Win32.Build.0 = Release|Win32
		{18468AE6-2224-4D77-88BF-6AE2240B5C82}.Release|x64.ActiveCfg = Release|x64
		{18468AE6-2224-4D77-88BF-6AE2240B5C82}.Release|x64.Build.0 = Release|x64
		{A8AA0ACD-E43D-4B00-9A99-3417DB54ACE4}.Debug|Win32.ActiveCfg = Debug|Win32
		{A8AA0ACD-E43D-4B00-9A99-3417DB54ACE4}.Debug|Win32.Build.0 = Debug|Win32
		{A8AA0ACD-E43D-4B00-9A99-3417DB54ACE4}.Debug|x64.ActiveCfg = Debug|x64
		{A8AA0ACD-E43D-4B00-9A99-3417DB54ACE4}.Debug|x64.Build.0 = Debug|x64
		{A8AA0ACD-E43D-4B00-9A99-3417DB54ACE4}.Release|Win32.ActiveCfg = Release|Win32
		{A8AA0ACD-E43D-4B00-9A99-3417DB54ACE4}.Release|Win32.Build.0 = Release|Win32
		{A8AA0ACD-E43D-4B00-9A99-3417DB54ACE4}.Release|x64.ActiveCfg = Release|x64
		{A8AA0ACD-E43D-4B00-9A99-3417DB54ACE4}.Release|x64.Build.0 = Release|x64
		{7C739CC0-8DCB-484E-8461-7BEDD67070C6}.Debug|Win32.ActiveCfg = Debug|Win32
		{7C739CC0-8DCB-484E-8461-7BEDD67070C6}.Debug|Win32.Build.0 = Debug|Win32
		{7C739CC0-8DCB-484E-8461-7BEDD67070C6}.Debug|x64.ActiveCfg = Debug|x64
		{7C739CC0-8DCB-484E-8461-7BEDD67070C6}.Debug|x64.Build.0 = Debug|x64
		{7C739CC0-8DCB-484E-8461-7BEDD67070C6}.Release|Win32.ActiveCfg = Release|Win32
		{7C739CC0-8DCB-484E-8461-7BEDD67070C6}.Release|Win32.Build.0 = Release|Win32
		{7C739CC0-8DCB-484E-8461-7BEDD67070C6}.Release|x64.ActiveCfg = Release|x64
		{7C739CC0-8DCB-484E-8461-7BEDD67070C6}.Release|x64.Build.0 = Release|x64
	EndGlobalSection
	GlobalSection(SolutionProperties) = preSolution
		HideSolutionNode = FALSE
	EndGlobalSection
EndGlobal
